
Microsoft Visual Studio Solution File, Format Version 12.00
# Visual Studio 15
VisualStudioVersion = 15.0.28307.168
MinimumVisualStudioVersion = 10.0.40219.1
Project("{FAE04EC0-301F-11D3-BF4B-00C04F79EFBC}") = "UIAutomation", "UIAutomation\UIAutomation.csproj", "{54D6C56F-6486-442B-912C-04543AF81829}"
EndProject
Global
	GlobalSection(SolutionConfigurationPlatforms) = preSolution
		Debug|Any CPU = Debug|Any CPU
		Release|Any CPU = Release|Any CPU
	EndGlobalSection
	GlobalSection(ProjectConfigurationPlatforms) = postSolution
		{54D6C56F-6486-442B-912C-04543AF81829}.Debug|Any CPU.ActiveCfg = Debug|Any CPU
		{54D6C56F-6486-442B-912C-04543AF81829}.Debug|Any CPU.Build.0 = Debug|Any CPU
		{54D6C56F-6486-442B-912C-04543AF81829}.Release|Any CPU.ActiveCfg = Release|Any CPU
		{54D6C56F-6486-442B-912C-04543AF81829}.Release|Any CPU.Build.0 = Release|Any CPU
	EndGlobalSection
	GlobalSection(SolutionProperties) = preSolution
		HideSolutionNode = FALSE
	EndGlobalSection
	GlobalSection(ExtensibilityGlobals) = postSolution
		SolutionGuid = {84E8F84F-3E44-435E-AE6D-EC66E532E432}
	EndGlobalSection
EndGlobal
